// !$*UTF8*$!
{
	archiveVersion = 1;
	classes = {
	};
	objectVersion = 50;
	objects = {

/* Begin PBXBuildFile section */
		444BC79D25C0C14000D6EE03 /* AppDelegate.swift in Sources */ = {isa = PBXBuildFile; fileRef = 444BC79C25C0C14000D6EE03 /* AppDelegate.swift */; };
		444BC79F25C0C14000D6EE03 /* SceneDelegate.swift in Sources */ = {isa = PBXBuildFile; fileRef = 444BC79E25C0C14000D6EE03 /* SceneDelegate.swift */; };
		444BC7A125C0C14000D6EE03 /* ViewController.swift in Sources */ = {isa = PBXBuildFile; fileRef = 444BC7A025C0C14000D6EE03 /* ViewController.swift */; };
		444BC7A425C0C14000D6EE03 /* Main.storyboard in Resources */ = {isa = PBXBuildFile; fileRef = 444BC7A225C0C14000D6EE03 /* Main.storyboard */; };
		444BC7A625C0C14400D6EE03 /* Assets.xcassets in Resources */ = {isa = PBXBuildFile; fileRef = 444BC7A525C0C14400D6EE03 /* Assets.xcassets */; };
		444BC7A925C0C14400D6EE03 /* LaunchScreen.storyboard in Resources */ = {isa = PBXBuildFile; fileRef = 444BC7A725C0C14400D6EE03 /* LaunchScreen.storyboard */; };
		444BC7B425C0C14400D6EE03 /* Hackwich_2Tests.swift in Sources */ = {isa = PBXBuildFile; fileRef = 444BC7B325C0C14400D6EE03 /* Hackwich_2Tests.swift */; };
		444BC7BF25C0C14400D6EE03 /* Hackwich_2UITests.swift in Sources */ = {isa = PBXBuildFile; fileRef = 444BC7BE25C0C14400D6EE03 /* Hackwich_2UITests.swift */; };
		444BC7D825C354C700D6EE03 /* secondViewController.swift in Sources */ = {isa = PBXBuildFile; fileRef = 444BC7D725C354C700D6EE03 /* secondViewController.swift */; };
/* End PBXBuildFile section */

/* Begin PBXContainerItemProxy section */
		444BC7B025C0C14400D6EE03 /* PBXContainerItemProxy */ = {
			isa = PBXContainerItemProxy;
			containerPortal = 444BC79125C0C14000D6EE03 /* Project object */;
			proxyType = 1;
			remoteGlobalIDString = 444BC79825C0C14000D6EE03;
			remoteInfo = Hackwich_2;
		};
		444BC7BB25C0C14400D6EE03 /* PBXContainerItemProxy */ = {
			isa = PBXContainerItemProxy;
			containerPortal = 444BC79125C0C14000D6EE03 /* Project object */;
			proxyType = 1;
			remoteGlobalIDString = 444BC79825C0C14000D6EE03;
			remoteInfo = Hackwich_2;
		};
/* End PBXContainerItemProxy section */

/* Begin PBXFileReference section */
		444BC79925C0C14000D6EE03 /* Hackwich_2.app */ = {isa = PBXFileReference; explicitFileType = wrapper.application; includeInIndex = 0; path = Hackwich_2.app; sourceTree = BUILT_PRODUCTS_DIR; };
		444BC79C25C0C14000D6EE03 /* AppDelegate.swift */ = {isa = PBXFileReference; lastKnownFileType = sourcecode.swift; path = AppDelegate.swift; sourceTree = "<group>"; };
		444BC79E25C0C14000D6EE03 /* SceneDelegate.swift */ = {isa = PBXFileReference; lastKnownFileType = sourcecode.swift; path = SceneDelegate.swift; sourceTree = "<group>"; };
		444BC7A025C0C14000D6EE03 /* ViewController.swift */ = {isa = PBXFileReference; lastKnownFileType = sourcecode.swift; path = ViewController.swift; sourceTree = "<group>"; };
		444BC7A325C0C14000D6EE03 /* Base */ = {isa = PBXFileReference; lastKnownFileType = file.storyboard; name = Base; path = Base.lproj/Main.storyboard; sourceTree = "<group>"; };
		444BC7A525C0C14400D6EE03 /* Assets.xcassets */ = {isa = PBXFileReference; lastKnownFileType = folder.assetcatalog; path = Assets.xcassets; sourceTree = "<group>"; };
		444BC7A825C0C14400D6EE03 /* Base */ = {isa = PBXFileReference; lastKnownFileType = file.storyboard; name = Base; path = Base.lproj/LaunchScreen.storyboard; sourceTree = "<group>"; };
		444BC7AA25C0C14400D6EE03 /* Info.plist */ = {isa = PBXFileReference; lastKnownFileType = text.plist.xml; path = Info.plist; sourceTree = "<group>"; };
		444BC7AF25C0C14400D6EE03 /* Hackwich_2Tests.xctest */ = {isa = PBXFileReference; explicitFileType = wrapper.cfbundle; includeInIndex = 0; path = Hackwich_2Tests.xctest; sourceTree = BUILT_PRODUCTS_DIR; };
		444BC7B325C0C14400D6EE03 /* Hackwich_2Tests.swift */ = {isa = PBXFileReference; lastKnownFileType = sourcecode.swift; path = Hackwich_2Tests.swift; sourceTree = "<group>"; };
		444BC7B525C0C14400D6EE03 /* Info.plist */ = {isa = PBXFileReference; lastKnownFileType = text.plist.xml; path = Info.plist; sourceTree = "<group>"; };
		444BC7BA25C0C14400D6EE03 /* Hackwich_2UITests.xctest */ = {isa = PBXFileReference; explicitFileType = wrapper.cfbundle; includeInIndex = 0; path = Hackwich_2UITests.xctest; sourceTree = BUILT_PRODUCTS_DIR; };
		444BC7BE25C0C14400D6EE03 /* Hackwich_2UITests.swift */ = {isa = PBXFileReference; lastKnownFileType = sourcecode.swift; path = Hackwich_2UITests.swift; sourceTree = "<group>"; };
		444BC7C025C0C14400D6EE03 /* Info.plist */ = {isa = PBXFileReference; lastKnownFileType = text.plist.xml; path = Info.plist; sourceTree = "<group>"; };
		444BC7D725C354C700D6EE03 /* secondViewController.swift */ = {isa = PBXFileReference; lastKnownFileType = sourcecode.swift; path = secondViewController.swift; sourceTree = "<group>"; };
/* End PBXFileReference section */

/* Begin PBXFrameworksBuildPhase section */
		444BC79625C0C14000D6EE03 /* Frameworks */ = {
			isa = PBXFrameworksBuildPhase;
			buildActionMask = 2147483647;
			files = (
			);
			runOnlyForDeploymentPostprocessing = 0;
		};
		444BC7AC25C0C14400D6EE03 /* Frameworks */ = {
			isa = PBXFrameworksBuildPhase;
			buildActionMask = 2147483647;
			files = (
			);
			runOnlyForDeploymentPostprocessing = 0;
		};
		444BC7B725C0C14400D6EE03 /* Frameworks */ = {
			isa = PBXFrameworksBuildPhase;
			buildActionMask = 2147483647;
			files = (
			);
			runOnlyForDeploymentPostprocessing = 0;
		};
/* End PBXFrameworksBuildPhase section */

/* Begin PBXGroup section */
		444BC79025C0C14000D6EE03 = {
			isa = PBXGroup;
			children = (
				444BC79B25C0C14000D6EE03 /* Hackwich_2 */,
				444BC7B225C0C14400D6EE03 /* Hackwich_2Tests */,
				444BC7BD25C0C14400D6EE03 /* Hackwich_2UITests */,
				444BC79A25C0C14000D6EE03 /* Products */,
			);
			sourceTree = "<group>";
		};
		444BC79A25C0C14000D6EE03 /* Products */ = {
			isa = PBXGroup;
			children = (
				444BC79925C0C14000D6EE03 /* Hackwich_2.app */,
				444BC7AF25C0C14400D6EE03 /* Hackwich_2Tests.xctest */,
				444BC7BA25C0C14400D6EE03 /* Hackwich_2UITests.xctest */,
			);
			name = Products;
			sourceTree = "<group>";
		};
		444BC79B25C0C14000D6EE03 /* Hackwich_2 */ = {
			isa = PBXGroup;
			children = (
				444BC79C25C0C14000D6EE03 /* AppDelegate.swift */,
				444BC79E25C0C14000D6EE03 /* SceneDelegate.swift */,
				444BC7A025C0C14000D6EE03 /* ViewController.swift */,
				444BC7A225C0C14000D6EE03 /* Main.storyboard */,
				444BC7D725C354C700D6EE03 /* secondViewController.swift */,
				444BC7A525C0C14400D6EE03 /* Assets.xcassets */,
				444BC7A725C0C14400D6EE03 /* LaunchScreen.storyboard */,
				444BC7AA25C0C14400D6EE03 /* Info.plist */,
			);
			path = Hackwich_2;
			sourceTree = "<group>";
		};
		444BC7B225C0C14400D6EE03 /* Hackwich_2Tests */ = {
			isa = PBXGroup;
			children = (
				444BC7B325C0C14400D6EE03 /* Hackwich_2Tests.swift */,
				444BC7B525C0C14400D6EE03 /* Info.plist */,
			);
			path = Hackwich_2Tests;
			sourceTree = "<group>";
		};
		444BC7BD25C0C14400D6EE03 /* Hackwich_2UITests */ = {
			isa = PBXGroup;
			children = (
				444BC7BE25C0C14400D6EE03 /* Hackwich_2UITests.swift */,
				444BC7C025C0C14400D6EE03 /* Info.plist */,
			);
			path = Hackwich_2UITests;
			sourceTree = "<group>";
		};
/* End PBXGroup section */

/* Begin PBXNativeTarget section */
		444BC79825C0C14000D6EE03 /* Hackwich_2 */ = {
			isa = PBXNativeTarget;
			buildConfigurationList = 444BC7C325C0C14400D6EE03 /* Build configuration list for PBXNativeTarget "Hackwich_2" */;
			buildPhases = (
				444BC79525C0C14000D6EE03 /* Sources */,
				444BC79625C0C14000D6EE03 /* Frameworks */,
				444BC79725C0C14000D6EE03 /* Resources */,
			);
			buildRules = (
			);
			dependencies = (
			);
			name = Hackwich_2;
			productName = Hackwich_2;
			productReference = 444BC79925C0C14000D6EE03 /* Hackwich_2.app */;
			productType = "com.apple.product-type.application";
		};
		444BC7AE25C0C14400D6EE03 /* Hackwich_2Tests */ = {
			isa = PBXNativeTarget;
			buildConfigurationList = 444BC7C625C0C14400D6EE03 /* Build configuration list for PBXNativeTarget "Hackwich_2Tests" */;
			buildPhases = (
				444BC7AB25C0C14400D6EE03 /* Sources */,
				444BC7AC25C0C14400D6EE03 /* Frameworks */,
				444BC7AD25C0C14400D6EE03 /* Resources */,
			);
			buildRules = (
			);
			dependencies = (
				444BC7B125C0C14400D6EE03 /* PBXTargetDependency */,
			);
			name = Hackwich_2Tests;
			productName = Hackwich_2Tests;
			productReference = 444BC7AF25C0C14400D6EE03 /* Hackwich_2Tests.xctest */;
			productType = "com.apple.product-type.bundle.unit-test";
		};
		444BC7B925C0C14400D6EE03 /* Hackwich_2UITests */ = {
			isa = PBXNativeTarget;
			buildConfigurationList = 444BC7C925C0C14400D6EE03 /* Build configuration list for PBXNativeTarget "Hackwich_2UITests" */;
			buildPhases = (
				444BC7B625C0C14400D6EE03 /* Sources */,
				444BC7B725C0C14400D6EE03 /* Frameworks */,
				444BC7B825C0C14400D6EE03 /* Resources */,
			);
			buildRules = (
			);
			dependencies = (
				444BC7BC25C0C14400D6EE03 /* PBXTargetDependency */,
			);
			name = Hackwich_2UITests;
			productName = Hackwich_2UITests;
			productReference = 444BC7BA25C0C14400D6EE03 /* Hackwich_2UITests.xctest */;
			productType = "com.apple.product-type.bundle.ui-testing";
		};
/* End PBXNativeTarget section */

/* Begin PBXProject section */
		444BC79125C0C14000D6EE03 /* Project object */ = {
			isa = PBXProject;
			attributes = {
				LastSwiftUpdateCheck = 1230;
				LastUpgradeCheck = 1230;
				TargetAttributes = {
					444BC79825C0C14000D6EE03 = {
						CreatedOnToolsVersion = 12.3;
					};
					444BC7AE25C0C14400D6EE03 = {
						CreatedOnToolsVersion = 12.3;
						TestTargetID = 444BC79825C0C14000D6EE03;
					};
					444BC7B925C0C14400D6EE03 = {
						CreatedOnToolsVersion = 12.3;
						TestTargetID = 444BC79825C0C14000D6EE03;
					};
				};
			};
			buildConfigurationList = 444BC79425C0C14000D6EE03 /* Build configuration list for PBXProject "Hackwich_2" */;
			compatibilityVersion = "Xcode 9.3";
			developmentRegion = en;
			hasScannedForEncodings = 0;
			knownRegions = (
				en,
				Base,
			);
			mainGroup = 444BC79025C0C14000D6EE03;
			productRefGroup = 444BC79A25C0C14000D6EE03 /* Products */;
			projectDirPath = "";
			projectRoot = "";
			targets = (
				444BC79825C0C14000D6EE03 /* Hackwich_2 */,
				444BC7AE25C0C14400D6EE03 /* Hackwich_2Tests */,
				444BC7B925C0C14400D6EE03 /* Hackwich_2UITests */,
			);
		};
/* End PBXProject section */

/* Begin PBXResourcesBuildPhase section */
		444BC79725C0C14000D6EE03 /* Resources */ = {
			isa = PBXResourcesBuildPhase;
			buildActionMask = 2147483647;
			files = (
				444BC7A925C0C14400D6EE03 /* LaunchScreen.storyboard in Resources */,
				444BC7A625C0C14400D6EE03 /* Assets.xcassets in Resources */,
				444BC7A425C0C14000D6EE03 /* Main.storyboard in Resources */,
			);
			runOnlyForDeploymentPostprocessing = 0;
		};
		444BC7AD25C0C14400D6EE03 /* Resources */ = {
			isa = PBXResourcesBuildPhase;
			buildActionMask = 2147483647;
			files = (
			);
			runOnlyForDeploymentPostprocessing = 0;
		};
		444BC7B825C0C14400D6EE03 /* Resources */ = {
			isa = PBXResourcesBuildPhase;
			buildActionMask = 2147483647;
			files = (
			);
			runOnlyForDeploymentPostprocessing = 0;
		};
/* End PBXResourcesBuildPhase section */

/* Begin PBXSourcesBuildPhase section */
		444BC79525C0C14000D6EE03 /* Sources */ = {
			isa = PBXSourcesBuildPhase;
			buildActionMask = 2147483647;
			files = (
				444BC7D825C354C700D6EE03 /* secondViewController.swift in Sources */,
				444BC7A125C0C14000D6EE03 /* ViewController.swift in Sources */,
				444BC79D25C0C14000D6EE03 /* AppDelegate.swift in Sources */,
				444BC79F25C0C14000D6EE03 /* SceneDelegate.swift in Sources */,
			);
			runOnlyForDeploymentPostprocessing = 0;
		};
		444BC7AB25C0C14400D6EE03 /* Sources */ = {
			isa = PBXSourcesBuildPhase;
			buildActionMask = 2147483647;
			files = (
				444BC7B425C0C14400D6EE03 /* Hackwich_2Tests.swift in Sources */,
			);
			runOnlyForDeploymentPostprocessing = 0;
		};
		444BC7B625C0C14400D6EE03 /* Sources */ = {
			isa = PBXSourcesBuildPhase;
			buildActionMask = 2147483647;
			files = (
				444BC7BF25C0C14400D6EE03 /* Hackwich_2UITests.swift in Sources */,
			);
			runOnlyForDeploymentPostprocessing = 0;
		};
/* End PBXSourcesBuildPhase section */

/* Begin PBXTargetDependency section */
		444BC7B125C0C14400D6EE03 /* PBXTargetDependency */ = {
			isa = PBXTargetDependency;
			target = 444BC79825C0C14000D6EE03 /* Hackwich_2 */;
			targetProxy = 444BC7B025C0C14400D6EE03 /* PBXContainerItemProxy */;
		};
		444BC7BC25C0C14400D6EE03 /* PBXTargetDependency */ = {
			isa = PBXTargetDependency;
			target = 444BC79825C0C14000D6EE03 /* Hackwich_2 */;
			targetProxy = 444BC7BB25C0C14400D6EE03 /* PBXContainerItemProxy */;
		};
/* End PBXTargetDependency section */

/* Begin PBXVariantGroup section */
		444BC7A225C0C14000D6EE03 /* Main.storyboard */ = {
			isa = PBXVariantGroup;
			children = (
				444BC7A325C0C14000D6EE03 /* Base */,
			);
			name = Main.storyboard;
			sourceTree = "<group>";
		};
		444BC7A725C0C14400D6EE03 /* LaunchScreen.storyboard */ = {
			isa = PBXVariantGroup;
			children = (
				444BC7A825C0C14400D6EE03 /* Base */,
			);
			name = LaunchScreen.storyboard;
			sourceTree = "<group>";
		};
/* End PBXVariantGroup section */

/* Begin XCBuildConfiguration section */
		444BC7C125C0C14400D6EE03 /* Debug */ = {
			isa = XCBuildConfiguration;
			buildSettings = {
				ALWAYS_SEARCH_USER_PATHS = NO;
				CLANG_ANALYZER_NONNULL = YES;
				CLANG_ANALYZER_NUMBER_OBJECT_CONVERSION = YES_AGGRESSIVE;
				CLANG_CXX_LANGUAGE_STANDARD = "gnu++14";
				CLANG_CXX_LIBRARY = "libc++";
				CLANG_ENABLE_MODULES = YES;
				CLANG_ENABLE_OBJC_ARC = YES;
				CLANG_ENABLE_OBJC_WEAK = YES;
				CLANG_WARN_BLOCK_CAPTURE_AUTORELEASING = YES;
				CLANG_WARN_BOOL_CONVERSION = YES;
				CLANG_WARN_COMMA = YES;
				CLANG_WARN_CONSTANT_CONVERSION = YES;
				CLANG_WARN_DEPRECATED_OBJC_IMPLEMENTATIONS = YES;
				CLANG_WARN_DIRECT_OBJC_ISA_USAGE = YES_ERROR;
				CLANG_WARN_DOCUMENTATION_COMMENTS = YES;
				CLANG_WARN_EMPTY_BODY = YES;
				CLANG_WARN_ENUM_CONVERSION = YES;
				CLANG_WARN_INFINITE_RECURSION = YES;
				CLANG_WARN_INT_CONVERSION = YES;
				CLANG_WARN_NON_LITERAL_NULL_CONVERSION = YES;
				CLANG_WARN_OBJC_IMPLICIT_RETAIN_SELF = YES;
				CLANG_WARN_OBJC_LITERAL_CONVERSION = YES;
				CLANG_WARN_OBJC_ROOT_CLASS = YES_ERROR;
				CLANG_WARN_QUOTED_INCLUDE_IN_FRAMEWORK_HEADER = YES;
				CLANG_WARN_RANGE_LOOP_ANALYSIS = YES;
				CLANG_WARN_STRICT_PROTOTYPES = YES;
				CLANG_WARN_SUSPICIOUS_MOVE = YES;
				CLANG_WARN_UNGUARDED_AVAILABILITY = YES_AGGRESSIVE;
				CLANG_WARN_UNREACHABLE_CODE = YES;
				CLANG_WARN__DUPLICATE_METHOD_MATCH = YES;
				COPY_PHASE_STRIP = NO;
				DEBUG_INFORMATION_FORMAT = dwarf;
				ENABLE_STRICT_OBJC_MSGSEND = YES;
				ENABLE_TESTABILITY = YES;
				GCC_C_LANGUAGE_STANDARD = gnu11;
				GCC_DYNAMIC_NO_PIC = NO;
				GCC_NO_COMMON_BLOCKS = YES;
				GCC_OPTIMIZATION_LEVEL = 0;
				GCC_PREPROCESSOR_DEFINITIONS = (
					"DEBUG=1",
					"$(inherited)",
				);
				GCC_WARN_64_TO_32_BIT_CONVERSION = YES;
				GCC_WARN_ABOUT_RETURN_TYPE = YES_ERROR;
				GCC_WARN_UNDECLARED_SELECTOR = YES;
				GCC_WARN_UNINITIALIZED_AUTOS = YES_AGGRESSIVE;
				GCC_WARN_UNUSED_FUNCTION = YES;
				GCC_WARN_UNUSED_VARIABLE = YES;
				IPHONEOS_DEPLOYMENT_TARGET = 14.3;
				MTL_ENABLE_DEBUG_INFO = INCLUDE_SOURCE;
				MTL_FAST_MATH = YES;
				ONLY_ACTIVE_ARCH = YES;
				SDKROOT = iphoneos;
				SWIFT_ACTIVE_COMPILATION_CONDITIONS = DEBUG;
				SWIFT_OPTIMIZATION_LEVEL = "-Onone";
			};
			name = Debug;
		};
		444BC7C225C0C14400D6EE03 /* Release */ = {
			isa = XCBuildConfiguration;
			buildSettings = {
				ALWAYS_SEARCH_USER_PATHS = NO;
				CLANG_ANALYZER_NONNULL = YES;
				CLANG_ANALYZER_NUMBER_OBJECT_CONVERSION = YES_AGGRESSIVE;
				CLANG_CXX_LANGUAGE_STANDARD = "gnu++14";
				CLANG_CXX_LIBRARY = "libc++";
				CLANG_ENABLE_MODULES = YES;
				CLANG_ENABLE_OBJC_ARC = YES;
				CLANG_ENABLE_OBJC_WEAK = YES;
				CLANG_WARN_BLOCK_CAPTURE_AUTORELEASING = YES;
				CLANG_WARN_BOOL_CONVERSION = YES;
				CLANG_WARN_COMMA = YES;
				CLANG_WARN_CONSTANT_CONVERSION = YES;
				CLANG_WARN_DEPRECATED_OBJC_IMPLEMENTATIONS = YES;
				CLANG_WARN_DIRECT_OBJC_ISA_USAGE = YES_ERROR;
				CLANG_WARN_DOCUMENTATION_COMMENTS = YES;
				CLANG_WARN_EMPTY_BODY = YES;
				CLANG_WARN_ENUM_CONVERSION = YES;
				CLANG_WARN_INFINITE_RECURSION = YES;
				CLANG_WARN_INT_CONVERSION = YES;
				CLANG_WARN_NON_LITERAL_NULL_CONVERSION = YES;
				CLANG_WARN_OBJC_IMPLICIT_RETAIN_SELF = YES;
				CLANG_WARN_OBJC_LITERAL_CONVERSION = YES;
				CLANG_WARN_OBJC_ROOT_CLASS = YES_ERROR;
				CLANG_WARN_QUOTED_INCLUDE_IN_FRAMEWORK_HEADER = YES;
				CLANG_WARN_RANGE_LOOP_ANALYSIS = YES;
				CLANG_WARN_STRICT_PROTOTYPES = YES;
				CLANG_WARN_SUSPICIOUS_MOVE = YES;
				CLANG_WARN_UNGUARDED_AVAILABILITY = YES_AGGRESSIVE;
				CLANG_WARN_UNREACHABLE_CODE = YES;
				CLANG_WARN__DUPLICATE_METHOD_MATCH = YES;
				COPY_PHASE_STRIP = NO;
				DEBUG_INFORMATION_FORMAT = "dwarf-with-dsym";
				ENABLE_NS_ASSERTIONS = NO;
				ENABLE_STRICT_OBJC_MSGSEND = YES;
				GCC_C_LANGUAGE_STANDARD = gnu11;
				GCC_NO_COMMON_BLOCKS = YES;
				GCC_WARN_64_TO_32_BIT_CONVERSION = YES;
				GCC_WARN_ABOUT_RETURN_TYPE = YES_ERROR;
				GCC_WARN_UNDECLARED_SELECTOR = YES;
				GCC_WARN_UNINITIALIZED_AUTOS = YES_AGGRESSIVE;
				GCC_WARN_UNUSED_FUNCTION = YES;
				GCC_WARN_UNUSED_VARIABLE = YES;
				IPHONEOS_DEPLOYMENT_TARGET = 14.3;
				MTL_ENABLE_DEBUG_INFO = NO;
				MTL_FAST_MATH = YES;
				SDKROOT = iphoneos;
				SWIFT_COMPILATION_MODE = wholemodule;
				SWIFT_OPTIMIZATION_LEVEL = "-O";
				VALIDATE_PRODUCT = YES;
			};
			name = Release;
		};
		444BC7C425C0C14400D6EE03 /* Debug */ = {
			isa = XCBuildConfiguration;
			buildSettings = {
				ASSETCATALOG_COMPILER_APPICON_NAME = AppIcon;
				ASSETCATALOG_COMPILER_GLOBAL_ACCENT_COLOR_NAME = AccentColor;
				CODE_SIGN_STYLE = Automatic;
				DEVELOPMENT_TEAM = MP4DAJ6SL6;
				INFOPLIST_FILE = Hackwich_2/Info.plist;
				LD_RUNPATH_SEARCH_PATHS = (
					"$(inherited)",
					"@executable_path/Frameworks",
				);
				PRODUCT_BUNDLE_IDENTIFIER = "uhwo.Hackwich-2";
				PRODUCT_NAME = "$(TARGET_NAME)";
				SWIFT_VERSION = 5.0;
				TARGETED_DEVICE_FAMILY = "1,2";
			};
			name = Debug;
		};
		444BC7C525C0C14400D6EE03 /* Release */ = {
			isa = XCBuildConfiguration;
			buildSettings = {
				ASSETCATALOG_COMPILER_APPICON_NAME = AppIcon;
				ASSETCATALOG_COMPILER_GLOBAL_ACCENT_COLOR_NAME = AccentColor;
				CODE_SIGN_STYLE = Automatic;
				DEVELOPMENT_TEAM = MP4DAJ6SL6;
				INFOPLIST_FILE = Hackwich_2/Info.plist;
				LD_RUNPATH_SEARCH_PATHS = (
					"$(inherited)",
					"@executable_path/Frameworks",
				);
				PRODUCT_BUNDLE_IDENTIFIER = "uhwo.Hackwich-2";
				PRODUCT_NAME = "$(TARGET_NAME)";
				SWIFT_VERSION = 5.0;
				TARGETED_DEVICE_FAMILY = "1,2";
			};
			name = Release;
		};
		444BC7C725C0C14400D6EE03 /* Debug */ = {
			isa = XCBuildConfiguration;
			buildSettings = {
				ALWAYS_EMBED_SWIFT_STANDARD_LIBRARIES = YES;
				BUNDLE_LOADER = "$(TEST_HOST)";
				CODE_SIGN_STYLE = Automatic;
				DEVELOPMENT_TEAM = MP4DAJ6SL6;
				INFOPLIST_FILE = Hackwich_2Tests/Info.plist;
				IPHONEOS_DEPLOYMENT_TARGET = 14.3;
				LD_RUNPATH_SEARCH_PATHS = (
					"$(inherited)",
					"@executable_path/Frameworks",
					"@loader_path/Frameworks",
				);
				PRODUCT_BUNDLE_IDENTIFIER = "uhwo.Hackwich-2Tests";
				PRODUCT_NAME = "$(TARGET_NAME)";
				SWIFT_VERSION = 5.0;
				TARGETED_DEVICE_FAMILY = "1,2";
				TEST_HOST = "$(BUILT_PRODUCTS_DIR)/Hackwich_2.app/Hackwich_2";
			};
			name = Debug;
		};
		444BC7C825C0C14400D6EE03 /* Release */ = {
			isa = XCBuildConfiguration;
			buildSettings = {
				ALWAYS_EMBED_SWIFT_STANDARD_LIBRARIES = YES;
				BUNDLE_LOADER = "$(TEST_HOST)";
				CODE_SIGN_STYLE = Automatic;
				DEVELOPMENT_TEAM = MP4DAJ6SL6;
				INFOPLIST_FILE = Hackwich_2Tests/Info.plist;
				IPHONEOS_DEPLOYMENT_TARGET = 14.3;
				LD_RUNPATH_SEARCH_PATHS = (
					"$(inherited)",
					"@executable_path/Frameworks",
					"@loader_path/Frameworks",
				);
				PRODUCT_BUNDLE_IDENTIFIER = "uhwo.Hackwich-2Tests";
				PRODUCT_NAME = "$(TARGET_NAME)";
				SWIFT_VERSION = 5.0;
				TARGETED_DEVICE_FAMILY = "1,2";
				TEST_HOST = "$(BUILT_PRODUCTS_DIR)/Hackwich_2.app/Hackwich_2";
			};
			name = Release;
		};
		444BC7CA25C0C14400D6EE03 /* Debug */ = {
			isa = XCBuildConfiguration;
			buildSettings = {
				ALWAYS_EMBED_SWIFT_STANDARD_LIBRARIES = YES;
				CODE_SIGN_STYLE = Automatic;
				DEVELOPMENT_TEAM = MP4DAJ6SL6;
				INFOPLIST_FILE = Hackwich_2UITests/Info.plist;
				LD_RUNPATH_SEARCH_PATHS = (
					"$(inherited)",
					"@executable_path/Frameworks",
					"@loader_path/Frameworks",
				);
				PRODUCT_BUNDLE_IDENTIFIER = "uhwo.Hackwich-2UITests";
				PRODUCT_NAME = "$(TARGET_NAME)";
				SWIFT_VERSION = 5.0;
				TARGETED_DEVICE_FAMILY = "1,2";
				TEST_TARGET_NAME = Hackwich_2;
			};
			name = Debug;
		};
		444BC7CB25C0C14400D6EE03 /* Release */ = {
			isa = XCBuildConfiguration;
			buildSettings = {
				ALWAYS_EMBED_SWIFT_STANDARD_LIBRARIES = YES;
				CODE_SIGN_STYLE = Automatic;
				DEVELOPMENT_TEAM = MP4DAJ6SL6;
				INFOPLIST_FILE = Hackwich_2UITests/Info.plist;
				LD_RUNPATH_SEARCH_PATHS = (
					"$(inherited)",
					"@executable_path/Frameworks",
					"@loader_path/Frameworks",
				);
				PRODUCT_BUNDLE_IDENTIFIER = "uhwo.Hackwich-2UITests";
				PRODUCT_NAME = "$(TARGET_NAME)";
				SWIFT_VERSION = 5.0;
				TARGETED_DEVICE_FAMILY = "1,2";
				TEST_TARGET_NAME = Hackwich_2;
			};
			name = Release;
		};
/* End XCBuildConfiguration section */

/* Begin XCConfigurationList section */
		444BC79425C0C14000D6EE03 /* Build configuration list for PBXProject "Hackwich_2" */ = {
			isa = XCConfigurationList;
			buildConfigurations = (
				444BC7C125C0C14400D6EE03 /* Debug */,
				444BC7C225C0C14400D6EE03 /* Release */,
			);
			defaultConfigurationIsVisible = 0;
			defaultConfigurationName = Release;
		};
		444BC7C325C0C14400D6EE03 /* Build configuration list for PBXNativeTarget "Hackwich_2" */ = {
			isa = XCConfigurationList;
			buildConfigurations = (
				444BC7C425C0C14400D6EE03 /* Debug */,
				444BC7C525C0C14400D6EE03 /* Release */,
			);
			defaultConfigurationIsVisible = 0;
			defaultConfigurationName = Release;
		};
		444BC7C625C0C14400D6EE03 /* Build configuration list for PBXNativeTarget "Hackwich_2Tests" */ = {
			isa = XCConfigurationList;
			buildConfigurations = (
				444BC7C725C0C14400D6EE03 /* Debug */,
				444BC7C825C0C14400D6EE03 /* Release */,
			);
			defaultConfigurationIsVisible = 0;
			defaultConfigurationName = Release;
		};
		444BC7C925C0C14400D6EE03 /* Build configuration list for PBXNativeTarget "Hackwich_2UITests" */ = {
			isa = XCConfigurationList;
			buildConfigurations = (
				444BC7CA25C0C14400D6EE03 /* Debug */,
				444BC7CB25C0C14400D6EE03 /* Release */,
			);
			defaultConfigurationIsVisible = 0;
			defaultConfigurationName = Release;
		};
/* End XCConfigurationList section */
	};
	rootObject = 444BC79125C0C14000D6EE03 /* Project object */;
}
